
Microsoft Visual Studio Solution File, Format Version 12.00
# Visual Studio Version 16
VisualStudioVersion = 16.0.30204.135
MinimumVisualStudioVersion = 10.0.40219.1
Project("{FAE04EC0-301F-11D3-BF4B-00C04F79EFBC}") = "Functions", "Functions\Functions.csproj", "{A6F369E5-8E9C-486F-820B-8C52C3033780}"
EndProject
Project("{FAE04EC0-301F-11D3-BF4B-00C04F79EFBC}") = "Functions.Test", "Functions.Test\Functions.Test.csproj", "{9E837EC0-C6AD-4A07-8863-AB3F777D8EA9}"
EndProject
Global
	GlobalSection(SolutionConfigurationPlatforms) = preSolution
		Debug|Any CPU = Debug|Any CPU
		Release|Any CPU = Release|Any CPU
	EndGlobalSection
	GlobalSection(ProjectConfigurationPlatforms) = postSolution
		{A6F369E5-8E9C-486F-820B-8C52C3033780}.Debug|Any CPU.ActiveCfg = Debug|Any CPU
		{A6F369E5-8E9C-486F-820B-8C52C3033780}.Debug|Any CPU.Build.0 = Debug|Any CPU
		{A6F369E5-8E9C-486F-820B-8C52C3033780}.Release|Any CPU.ActiveCfg = Release|Any CPU
		{A6F369E5-8E9C-486F-820B-8C52C3033780}.Release|Any CPU.Build.0 = Release|Any CPU
		{9E837EC0-C6AD-4A07-8863-AB3F777D8EA9}.Debug|Any CPU.ActiveCfg = Debug|Any CPU
		{9E837EC0-C6AD-4A07-8863-AB3F777D8EA9}.Debug|Any CPU.Build.0 = Debug|Any CPU
		{9E837EC0-C6AD-4A07-8863-AB3F777D8EA9}.Release|Any CPU.ActiveCfg = Release|Any CPU
		{9E837EC0-C6AD-4A07-8863-AB3F777D8EA9}.Release|Any CPU.Build.0 = Release|Any CPU
	EndGlobalSection
	GlobalSection(SolutionProperties) = preSolution
		HideSolutionNode = FALSE
	EndGlobalSection
	GlobalSection(ExtensibilityGlobals) = postSolution
		SolutionGuid = {5741AF5F-C243-4929-B7C0-A8090709A208}
	EndGlobalSection
EndGlobal
